// !$*UTF8*$!
{
	archiveVersion = 1;
	classes = {
	};
	objectVersion = 55;
	objects = {

/* Begin PBXBuildFile section */
		297204822775DE0F00566524 /* AppDelegate.swift in Sources */ = {isa = PBXBuildFile; fileRef = 297204812775DE0F00566524 /* AppDelegate.swift */; };
		297204842775DE0F00566524 /* SceneDelegate.swift in Sources */ = {isa = PBXBuildFile; fileRef = 297204832775DE0F00566524 /* SceneDelegate.swift */; };
		297204862775DE0F00566524 /* ViewController.swift in Sources */ = {isa = PBXBuildFile; fileRef = 297204852775DE0F00566524 /* ViewController.swift */; };
		297204892775DE0F00566524 /* Main.storyboard in Resources */ = {isa = PBXBuildFile; fileRef = 297204872775DE0F00566524 /* Main.storyboard */; };
		2972048C2775DE0F00566524 /* TimeVisualizer.xcdatamodeld in Sources */ = {isa = PBXBuildFile; fileRef = 2972048A2775DE0F00566524 /* TimeVisualizer.xcdatamodeld */; };
		2972048E2775DE1100566524 /* Assets.xcassets in Resources */ = {isa = PBXBuildFile; fileRef = 2972048D2775DE1100566524 /* Assets.xcassets */; };
		297204912775DE1100566524 /* LaunchScreen.storyboard in Resources */ = {isa = PBXBuildFile; fileRef = 2972048F2775DE1100566524 /* LaunchScreen.storyboard */; };
		2972049A2775E09500566524 /* Charts in Frameworks */ = {isa = PBXBuildFile; productRef = 297204992775E09500566524 /* Charts */; };
		2972049D2775E17E00566524 /* CalendarKit in Frameworks */ = {isa = PBXBuildFile; productRef = 2972049C2775E17E00566524 /* CalendarKit */; };
		2972049F2775EB9400566524 /* GraphViewController.swift in Sources */ = {isa = PBXBuildFile; fileRef = 2972049E2775EB9400566524 /* GraphViewController.swift */; };
/* End PBXBuildFile section */

/* Begin PBXFileReference section */
		2972047E2775DE0F00566524 /* TimeVisualizer.app */ = {isa = PBXFileReference; explicitFileType = wrapper.application; includeInIndex = 0; path = TimeVisualizer.app; sourceTree = BUILT_PRODUCTS_DIR; };
		297204812775DE0F00566524 /* AppDelegate.swift */ = {isa = PBXFileReference; lastKnownFileType = sourcecode.swift; path = AppDelegate.swift; sourceTree = "<group>"; };
		297204832775DE0F00566524 /* SceneDelegate.swift */ = {isa = PBXFileReference; lastKnownFileType = sourcecode.swift; path = SceneDelegate.swift; sourceTree = "<group>"; };
		297204852775DE0F00566524 /* ViewController.swift */ = {isa = PBXFileReference; lastKnownFileType = sourcecode.swift; path = ViewController.swift; sourceTree = "<group>"; };
		297204882775DE0F00566524 /* Base */ = {isa = PBXFileReference; lastKnownFileType = file.storyboard; name = Base; path = Base.lproj/Main.storyboard; sourceTree = "<group>"; };
		2972048B2775DE0F00566524 /* TimeVisualizer.xcdatamodel */ = {isa = PBXFileReference; lastKnownFileType = wrapper.xcdatamodel; path = TimeVisualizer.xcdatamodel; sourceTree = "<group>"; };
		2972048D2775DE1100566524 /* Assets.xcassets */ = {isa = PBXFileReference; lastKnownFileType = folder.assetcatalog; path = Assets.xcassets; sourceTree = "<group>"; };
		297204902775DE1100566524 /* Base */ = {isa = PBXFileReference; lastKnownFileType = file.storyboard; name = Base; path = Base.lproj/LaunchScreen.storyboard; sourceTree = "<group>"; };
		297204922775DE1100566524 /* Info.plist */ = {isa = PBXFileReference; lastKnownFileType = text.plist.xml; path = Info.plist; sourceTree = "<group>"; };
		2972049E2775EB9400566524 /* GraphViewController.swift */ = {isa = PBXFileReference; lastKnownFileType = sourcecode.swift; path = GraphViewController.swift; sourceTree = "<group>"; };
/* End PBXFileReference section */

/* Begin PBXFrameworksBuildPhase section */
		2972047B2775DE0F00566524 /* Frameworks */ = {
			isa = PBXFrameworksBuildPhase;
			buildActionMask = 2147483647;
			files = (
				2972049A2775E09500566524 /* Charts in Frameworks */,
				2972049D2775E17E00566524 /* CalendarKit in Frameworks */,
			);
			runOnlyForDeploymentPostprocessing = 0;
		};
/* End PBXFrameworksBuildPhase section */

/* Begin PBXGroup section */
		297204752775DE0F00566524 = {
			isa = PBXGroup;
			children = (
				297204802775DE0F00566524 /* TimeVisualizer */,
				2972047F2775DE0F00566524 /* Products */,
			);
			sourceTree = "<group>";
		};
		2972047F2775DE0F00566524 /* Products */ = {
			isa = PBXGroup;
			children = (
				2972047E2775DE0F00566524 /* TimeVisualizer.app */,
			);
			name = Products;
			sourceTree = "<group>";
		};
		297204802775DE0F00566524 /* TimeVisualizer */ = {
			isa = PBXGroup;
			children = (
				297204812775DE0F00566524 /* AppDelegate.swift */,
				297204832775DE0F00566524 /* SceneDelegate.swift */,
				297204852775DE0F00566524 /* ViewController.swift */,
				2972049E2775EB9400566524 /* GraphViewController.swift */,
				297204872775DE0F00566524 /* Main.storyboard */,
				2972048D2775DE1100566524 /* Assets.xcassets */,
				2972048F2775DE1100566524 /* LaunchScreen.storyboard */,
				297204922775DE1100566524 /* Info.plist */,
				2972048A2775DE0F00566524 /* TimeVisualizer.xcdatamodeld */,
			);
			path = TimeVisualizer;
			sourceTree = "<group>";
		};
/* End PBXGroup section */

/* Begin PBXNativeTarget section */
		2972047D2775DE0F00566524 /* TimeVisualizer */ = {
			isa = PBXNativeTarget;
			buildConfigurationList = 297204952775DE1100566524 /* Build configuration list for PBXNativeTarget "TimeVisualizer" */;
			buildPhases = (
				2972047A2775DE0F00566524 /* Sources */,
				2972047B2775DE0F00566524 /* Frameworks */,
				2972047C2775DE0F00566524 /* Resources */,
			);
			buildRules = (
			);
			dependencies = (
			);
			name = TimeVisualizer;
			packageProductDependencies = (
				297204992775E09500566524 /* Charts */,
				2972049C2775E17E00566524 /* CalendarKit */,
			);
			productName = TimeVisualizer;
			productReference = 2972047E2775DE0F00566524 /* TimeVisualizer.app */;
			productType = "com.apple.product-type.application";
		};
/* End PBXNativeTarget section */

/* Begin PBXProject section */
		297204762775DE0F00566524 /* Project object */ = {
			isa = PBXProject;
			attributes = {
				BuildIndependentTargetsInParallel = 1;
				LastSwiftUpdateCheck = 1310;
				LastUpgradeCheck = 1310;
				TargetAttributes = {
					2972047D2775DE0F00566524 = {
						CreatedOnToolsVersion = 13.1;
					};
				};
			};
			buildConfigurationList = 297204792775DE0F00566524 /* Build configuration list for PBXProject "TimeVisualizer" */;
			compatibilityVersion = "Xcode 13.0";
			developmentRegion = en;
			hasScannedForEncodings = 0;
			knownRegions = (
				en,
				Base,
			);
			mainGroup = 297204752775DE0F00566524;
			packageReferences = (
				297204982775E09500566524 /* XCRemoteSwiftPackageReference "Charts" */,
				2972049B2775E17E00566524 /* XCRemoteSwiftPackageReference "CalendarKit" */,
			);
			productRefGroup = 2972047F2775DE0F00566524 /* Products */;
			projectDirPath = "";
			projectRoot = "";
			targets = (
				2972047D2775DE0F00566524 /* TimeVisualizer */,
			);
		};
/* End PBXProject section */

/* Begin PBXResourcesBuildPhase section */
		2972047C2775DE0F00566524 /* Resources */ = {
			isa = PBXResourcesBuildPhase;
			buildActionMask = 2147483647;
			files = (
				297204912775DE1100566524 /* LaunchScreen.storyboard in Resources */,
				2972048E2775DE1100566524 /* Assets.xcassets in Resources */,
				297204892775DE0F00566524 /* Main.storyboard in Resources */,
			);
			runOnlyForDeploymentPostprocessing = 0;
		};
/* End PBXResourcesBuildPhase section */

/* Begin PBXSourcesBuildPhase section */
		2972047A2775DE0F00566524 /* Sources */ = {
			isa = PBXSourcesBuildPhase;
			buildActionMask = 2147483647;
			files = (
				2972048C2775DE0F00566524 /* TimeVisualizer.xcdatamodeld in Sources */,
				2972049F2775EB9400566524 /* GraphViewController.swift in Sources */,
				297204862775DE0F00566524 /* ViewController.swift in Sources */,
				297204822775DE0F00566524 /* AppDelegate.swift in Sources */,
				297204842775DE0F00566524 /* SceneDelegate.swift in Sources */,
			);
			runOnlyForDeploymentPostprocessing = 0;
		};
/* End PBXSourcesBuildPhase section */

/* Begin PBXVariantGroup section */
		297204872775DE0F00566524 /* Main.storyboard */ = {
			isa = PBXVariantGroup;
			children = (
				297204882775DE0F00566524 /* Base */,
			);
			name = Main.storyboard;
			sourceTree = "<group>";
		};
		2972048F2775DE1100566524 /* LaunchScreen.storyboard */ = {
			isa = PBXVariantGroup;
			children = (
				297204902775DE1100566524 /* Base */,
			);
			name = LaunchScreen.storyboard;
			sourceTree = "<group>";
		};
/* End PBXVariantGroup section */

/* Begin XCBuildConfiguration section */
		297204932775DE1100566524 /* Debug */ = {
			isa = XCBuildConfiguration;
			buildSettings = {
				ALWAYS_SEARCH_USER_PATHS = NO;
				CLANG_ANALYZER_NONNULL = YES;
				CLANG_ANALYZER_NUMBER_OBJECT_CONVERSION = YES_AGGRESSIVE;
				CLANG_CXX_LANGUAGE_STANDARD = "gnu++17";
				CLANG_CXX_LIBRARY = "libc++";
				CLANG_ENABLE_MODULES = YES;
				CLANG_ENABLE_OBJC_ARC = YES;
				CLANG_ENABLE_OBJC_WEAK = YES;
				CLANG_WARN_BLOCK_CAPTURE_AUTORELEASING = YES;
				CLANG_WARN_BOOL_CONVERSION = YES;
				CLANG_WARN_COMMA = YES;
				CLANG_WARN_CONSTANT_CONVERSION = YES;
				CLANG_WARN_DEPRECATED_OBJC_IMPLEMENTATIONS = YES;
				CLANG_WARN_DIRECT_OBJC_ISA_USAGE = YES_ERROR;
				CLANG_WARN_DOCUMENTATION_COMMENTS = YES;
				CLANG_WARN_EMPTY_BODY = YES;
				CLANG_WARN_ENUM_CONVERSION = YES;
				CLANG_WARN_INFINITE_RECURSION = YES;
				CLANG_WARN_INT_CONVERSION = YES;
				CLANG_WARN_NON_LITERAL_NULL_CONVERSION = YES;
				CLANG_WARN_OBJC_IMPLICIT_RETAIN_SELF = YES;
				CLANG_WARN_OBJC_LITERAL_CONVERSION = YES;
				CLANG_WARN_OBJC_ROOT_CLASS = YES_ERROR;
				CLANG_WARN_QUOTED_INCLUDE_IN_FRAMEWORK_HEADER = YES;
				CLANG_WARN_RANGE_LOOP_ANALYSIS = YES;
				CLANG_WARN_STRICT_PROTOTYPES = YES;
				CLANG_WARN_SUSPICIOUS_MOVE = YES;
				CLANG_WARN_UNGUARDED_AVAILABILITY = YES_AGGRESSIVE;
				CLANG_WARN_UNREACHABLE_CODE = YES;
				CLANG_WARN__DUPLICATE_METHOD_MATCH = YES;
				COPY_PHASE_STRIP = NO;
				DEBUG_INFORMATION_FORMAT = dwarf;
				ENABLE_STRICT_OBJC_MSGSEND = YES;
				ENABLE_TESTABILITY = YES;
				GCC_C_LANGUAGE_STANDARD = gnu11;
				GCC_DYNAMIC_NO_PIC = NO;
				GCC_NO_COMMON_BLOCKS = YES;
				GCC_OPTIMIZATION_LEVEL = 0;
				GCC_PREPROCESSOR_DEFINITIONS = (
					"DEBUG=1",
					"$(inherited)",
				);
				GCC_WARN_64_TO_32_BIT_CONVERSION = YES;
				GCC_WARN_ABOUT_RETURN_TYPE = YES_ERROR;
				GCC_WARN_UNDECLARED_SELECTOR = YES;
				GCC_WARN_UNINITIALIZED_AUTOS = YES_AGGRESSIVE;
				GCC_WARN_UNUSED_FUNCTION = YES;
				GCC_WARN_UNUSED_VARIABLE = YES;
				IPHONEOS_DEPLOYMENT_TARGET = 15.0;
				MTL_ENABLE_DEBUG_INFO = INCLUDE_SOURCE;
				MTL_FAST_MATH = YES;
				ONLY_ACTIVE_ARCH = YES;
				SDKROOT = iphoneos;
				SWIFT_ACTIVE_COMPILATION_CONDITIONS = DEBUG;
				SWIFT_OPTIMIZATION_LEVEL = "-Onone";
			};
			name = Debug;
		};
		297204942775DE1100566524 /* Release */ = {
			isa = XCBuildConfiguration;
			buildSettings = {
				ALWAYS_SEARCH_USER_PATHS = NO;
				CLANG_ANALYZER_NONNULL = YES;
				CLANG_ANALYZER_NUMBER_OBJECT_CONVERSION = YES_AGGRESSIVE;
				CLANG_CXX_LANGUAGE_STANDARD = "gnu++17";
				CLANG_CXX_LIBRARY = "libc++";
				CLANG_ENABLE_MODULES = YES;
				CLANG_ENABLE_OBJC_ARC = YES;
				CLANG_ENABLE_OBJC_WEAK = YES;
				CLANG_WARN_BLOCK_CAPTURE_AUTORELEASING = YES;
				CLANG_WARN_BOOL_CONVERSION = YES;
				CLANG_WARN_COMMA = YES;
				CLANG_WARN_CONSTANT_CONVERSION = YES;
				CLANG_WARN_DEPRECATED_OBJC_IMPLEMENTATIONS = YES;
				CLANG_WARN_DIRECT_OBJC_ISA_USAGE = YES_ERROR;
				CLANG_WARN_DOCUMENTATION_COMMENTS = YES;
				CLANG_WARN_EMPTY_BODY = YES;
				CLANG_WARN_ENUM_CONVERSION = YES;
				CLANG_WARN_INFINITE_RECURSION = YES;
				CLANG_WARN_INT_CONVERSION = YES;
				CLANG_WARN_NON_LITERAL_NULL_CONVERSION = YES;
				CLANG_WARN_OBJC_IMPLICIT_RETAIN_SELF = YES;
				CLANG_WARN_OBJC_LITERAL_CONVERSION = YES;
				CLANG_WARN_OBJC_ROOT_CLASS = YES_ERROR;
				CLANG_WARN_QUOTED_INCLUDE_IN_FRAMEWORK_HEADER = YES;
				CLANG_WARN_RANGE_LOOP_ANALYSIS = YES;
				CLANG_WARN_STRICT_PROTOTYPES = YES;
				CLANG_WARN_SUSPICIOUS_MOVE = YES;
				CLANG_WARN_UNGUARDED_AVAILABILITY = YES_AGGRESSIVE;
				CLANG_WARN_UNREACHABLE_CODE = YES;
				CLANG_WARN__DUPLICATE_METHOD_MATCH = YES;
				COPY_PHASE_STRIP = NO;
				DEBUG_INFORMATION_FORMAT = "dwarf-with-dsym";
				ENABLE_NS_ASSERTIONS = NO;
				ENABLE_STRICT_OBJC_MSGSEND = YES;
				GCC_C_LANGUAGE_STANDARD = gnu11;
				GCC_NO_COMMON_BLOCKS = YES;
				GCC_WARN_64_TO_32_BIT_CONVERSION = YES;
				GCC_WARN_ABOUT_RETURN_TYPE = YES_ERROR;
				GCC_WARN_UNDECLARED_SELECTOR = YES;
				GCC_WARN_UNINITIALIZED_AUTOS = YES_AGGRESSIVE;
				GCC_WARN_UNUSED_FUNCTION = YES;
				GCC_WARN_UNUSED_VARIABLE = YES;
				IPHONEOS_DEPLOYMENT_TARGET = 15.0;
				MTL_ENABLE_DEBUG_INFO = NO;
				MTL_FAST_MATH = YES;
				SDKROOT = iphoneos;
				SWIFT_COMPILATION_MODE = wholemodule;
				SWIFT_OPTIMIZATION_LEVEL = "-O";
				VALIDATE_PRODUCT = YES;
			};
			name = Release;
		};
		297204962775DE1100566524 /* Debug */ = {
			isa = XCBuildConfiguration;
			buildSettings = {
				ASSETCATALOG_COMPILER_APPICON_NAME = AppIcon;
				ASSETCATALOG_COMPILER_GLOBAL_ACCENT_COLOR_NAME = AccentColor;
				CODE_SIGN_STYLE = Automatic;
				CURRENT_PROJECT_VERSION = 1;
				GENERATE_INFOPLIST_FILE = YES;
				INFOPLIST_FILE = TimeVisualizer/Info.plist;
				INFOPLIST_KEY_UIApplicationSupportsIndirectInputEvents = YES;
				INFOPLIST_KEY_UILaunchStoryboardName = LaunchScreen;
				INFOPLIST_KEY_UIMainStoryboardFile = Main;
				INFOPLIST_KEY_UISupportedInterfaceOrientations_iPad = "UIInterfaceOrientationPortrait UIInterfaceOrientationPortraitUpsideDown UIInterfaceOrientationLandscapeLeft UIInterfaceOrientationLandscapeRight";
				INFOPLIST_KEY_UISupportedInterfaceOrientations_iPhone = "UIInterfaceOrientationPortrait UIInterfaceOrientationLandscapeLeft UIInterfaceOrientationLandscapeRight";
				LD_RUNPATH_SEARCH_PATHS = (
					"$(inherited)",
					"@executable_path/Frameworks",
				);
				MARKETING_VERSION = 1.0;
				PRODUCT_BUNDLE_IDENTIFIER = Maha.TimeVisualizer;
				PRODUCT_NAME = "$(TARGET_NAME)";
				SWIFT_EMIT_LOC_STRINGS = YES;
				SWIFT_VERSION = 5.0;
				TARGETED_DEVICE_FAMILY = "1,2";
			};
			name = Debug;
		};
		297204972775DE1100566524 /* Release */ = {
			isa = XCBuildConfiguration;
			buildSettings = {
				ASSETCATALOG_COMPILER_APPICON_NAME = AppIcon;
				ASSETCATALOG_COMPILER_GLOBAL_ACCENT_COLOR_NAME = AccentColor;
				CODE_SIGN_STYLE = Automatic;
				CURRENT_PROJECT_VERSION = 1;
				GENERATE_INFOPLIST_FILE = YES;
				INFOPLIST_FILE = TimeVisualizer/Info.plist;
				INFOPLIST_KEY_UIApplicationSupportsIndirectInputEvents = YES;
				INFOPLIST_KEY_UILaunchStoryboardName = LaunchScreen;
				INFOPLIST_KEY_UIMainStoryboardFile = Main;
				INFOPLIST_KEY_UISupportedInterfaceOrientations_iPad = "UIInterfaceOrientationPortrait UIInterfaceOrientationPortraitUpsideDown UIInterfaceOrientationLandscapeLeft UIInterfaceOrientationLandscapeRight";
				INFOPLIST_KEY_UISupportedInterfaceOrientations_iPhone = "UIInterfaceOrientationPortrait UIInterfaceOrientationLandscapeLeft UIInterfaceOrientationLandscapeRight";
				LD_RUNPATH_SEARCH_PATHS = (
					"$(inherited)",
					"@executable_path/Frameworks",
				);
				MARKETING_VERSION = 1.0;
				PRODUCT_BUNDLE_IDENTIFIER = Maha.TimeVisualizer;
				PRODUCT_NAME = "$(TARGET_NAME)";
				SWIFT_EMIT_LOC_STRINGS = YES;
				SWIFT_VERSION = 5.0;
				TARGETED_DEVICE_FAMILY = "1,2";
			};
			name = Release;
		};
/* End XCBuildConfiguration section */

/* Begin XCConfigurationList section */
		297204792775DE0F00566524 /* Build configuration list for PBXProject "TimeVisualizer" */ = {
			isa = XCConfigurationList;
			buildConfigurations = (
				297204932775DE1100566524 /* Debug */,
				297204942775DE1100566524 /* Release */,
			);
			defaultConfigurationIsVisible = 0;
			defaultConfigurationName = Release;
		};
		297204952775DE1100566524 /* Build configuration list for PBXNativeTarget "TimeVisualizer" */ = {
			isa = XCConfigurationList;
			buildConfigurations = (
				297204962775DE1100566524 /* Debug */,
				297204972775DE1100566524 /* Release */,
			);
			defaultConfigurationIsVisible = 0;
			defaultConfigurationName = Release;
		};
/* End XCConfigurationList section */

/* Begin XCRemoteSwiftPackageReference section */
		297204982775E09500566524 /* XCRemoteSwiftPackageReference "Charts" */ = {
			isa = XCRemoteSwiftPackageReference;
			repositoryURL = "https://github.com/danielgindi/Charts.git";
			requirement = {
				kind = upToNextMajorVersion;
				minimumVersion = 4.0.0;
			};
		};
		2972049B2775E17E00566524 /* XCRemoteSwiftPackageReference "CalendarKit" */ = {
			isa = XCRemoteSwiftPackageReference;
			repositoryURL = "https://github.com/richardtop/CalendarKit.git";
			requirement = {
				kind = upToNextMajorVersion;
				minimumVersion = 1.0.0;
			};
		};
/* End XCRemoteSwiftPackageReference section */

/* Begin XCSwiftPackageProductDependency section */
		297204992775E09500566524 /* Charts */ = {
			isa = XCSwiftPackageProductDependency;
			package = 297204982775E09500566524 /* XCRemoteSwiftPackageReference "Charts" */;
			productName = Charts;
		};
		2972049C2775E17E00566524 /* CalendarKit */ = {
			isa = XCSwiftPackageProductDependency;
			package = 2972049B2775E17E00566524 /* XCRemoteSwiftPackageReference "CalendarKit" */;
			productName = CalendarKit;
		};
/* End XCSwiftPackageProductDependency section */

/* Begin XCVersionGroup section */
		2972048A2775DE0F00566524 /* TimeVisualizer.xcdatamodeld */ = {
			isa = XCVersionGroup;
			children = (
				2972048B2775DE0F00566524 /* TimeVisualizer.xcdatamodel */,
			);
			currentVersion = 2972048B2775DE0F00566524 /* TimeVisualizer.xcdatamodel */;
			path = TimeVisualizer.xcdatamodeld;
			sourceTree = "<group>";
			versionGroupType = wrapper.xcdatamodel;
		};
/* End XCVersionGroup section */
	};
	rootObject = 297204762775DE0F00566524 /* Project object */;
}
